
Microsoft Visual Studio Solution File, Format Version 12.00
# Visual Studio Version 17
VisualStudioVersion = 17.0.31919.166
MinimumVisualStudioVersion = 10.0.40219.1
Project("{9A19103F-16F7-4668-BE54-9A1E7A4F7556}") = "Catalog", "Catalog\Catalog.csproj", "{34018FCE-67F2-4CE5-84BF-386DCDA98B45}"
EndProject
Project("{9A19103F-16F7-4668-BE54-9A1E7A4F7556}") = "Customer", "Costumer\Customer.csproj", "{C26EE3BD-DED3-4934-9803-28E97AD80848}"
EndProject
Project("{2150E333-8FDC-42A3-9474-1A3956D46DE8}") = "Microsevices", "Microsevices", "{B3B76E1F-F478-4F34-96FA-4DB9CC3A4AE7}"
EndProject
Project("{E53339B2-1760-4266-BCC7-CA923CBCF16C}") = "docker-compose", "docker-compose.dcproj", "{359D11E4-1A2C-4118-9B06-3DBA5EB6D0BA}"
EndProject
Project("{2150E333-8FDC-42A3-9474-1A3956D46DE8}") = "GateWays", "GateWays", "{B4E7D0D8-3786-4C47-AA2A-A1EA1B90BAE2}"
EndProject
Project("{9A19103F-16F7-4668-BE54-9A1E7A4F7556}") = "OcelotApiGateway", "OcelotApiGateway\OcelotApiGateway.csproj", "{D95A1FC3-5F25-4E25-8059-99E18D8DB163}"
EndProject
Project("{2150E333-8FDC-42A3-9474-1A3956D46DE8}") = "Clients", "Clients", "{87B92B02-6902-49BB-9E1C-A01FC20DEBF5}"
EndProject
Project("{9A19103F-16F7-4668-BE54-9A1E7A4F7556}") = "ProjectExamWebClient", "ProjectExamWebClient\ProjectExamWebClient.csproj", "{4BB3596E-F971-4BB1-BB6C-D288F6F6A7E2}"
EndProject
Project("{9A19103F-16F7-4668-BE54-9A1E7A4F7556}") = "JWTAuhtenticationManager", "JWTAuhtenticationManager\JWTAuhtenticationManager.csproj", "{BA6BDFDD-F351-441F-9192-F2DEAF57C78E}"
EndProject
Global
	GlobalSection(SolutionConfigurationPlatforms) = preSolution
		Debug|Any CPU = Debug|Any CPU
		Release|Any CPU = Release|Any CPU
	EndGlobalSection
	GlobalSection(ProjectConfigurationPlatforms) = postSolution
		{34018FCE-67F2-4CE5-84BF-386DCDA98B45}.Debug|Any CPU.ActiveCfg = Debug|Any CPU
		{34018FCE-67F2-4CE5-84BF-386DCDA98B45}.Debug|Any CPU.Build.0 = Debug|Any CPU
		{34018FCE-67F2-4CE5-84BF-386DCDA98B45}.Release|Any CPU.ActiveCfg = Release|Any CPU
		{34018FCE-67F2-4CE5-84BF-386DCDA98B45}.Release|Any CPU.Build.0 = Release|Any CPU
		{C26EE3BD-DED3-4934-9803-28E97AD80848}.Debug|Any CPU.ActiveCfg = Debug|Any CPU
		{C26EE3BD-DED3-4934-9803-28E97AD80848}.Debug|Any CPU.Build.0 = Debug|Any CPU
		{C26EE3BD-DED3-4934-9803-28E97AD80848}.Release|Any CPU.ActiveCfg = Release|Any CPU
		{C26EE3BD-DED3-4934-9803-28E97AD80848}.Release|Any CPU.Build.0 = Release|Any CPU
		{359D11E4-1A2C-4118-9B06-3DBA5EB6D0BA}.Debug|Any CPU.ActiveCfg = Debug|Any CPU
		{359D11E4-1A2C-4118-9B06-3DBA5EB6D0BA}.Debug|Any CPU.Build.0 = Debug|Any CPU
		{359D11E4-1A2C-4118-9B06-3DBA5EB6D0BA}.Release|Any CPU.ActiveCfg = Release|Any CPU
		{359D11E4-1A2C-4118-9B06-3DBA5EB6D0BA}.Release|Any CPU.Build.0 = Release|Any CPU
		{D95A1FC3-5F25-4E25-8059-99E18D8DB163}.Debug|Any CPU.ActiveCfg = Debug|Any CPU
		{D95A1FC3-5F25-4E25-8059-99E18D8DB163}.Debug|Any CPU.Build.0 = Debug|Any CPU
		{D95A1FC3-5F25-4E25-8059-99E18D8DB163}.Release|Any CPU.ActiveCfg = Release|Any CPU
		{D95A1FC3-5F25-4E25-8059-99E18D8DB163}.Release|Any CPU.Build.0 = Release|Any CPU
		{4BB3596E-F971-4BB1-BB6C-D288F6F6A7E2}.Debug|Any CPU.ActiveCfg = Debug|Any CPU
		{4BB3596E-F971-4BB1-BB6C-D288F6F6A7E2}.Debug|Any CPU.Build.0 = Debug|Any CPU
		{4BB3596E-F971-4BB1-BB6C-D288F6F6A7E2}.Release|Any CPU.ActiveCfg = Release|Any CPU
		{4BB3596E-F971-4BB1-BB6C-D288F6F6A7E2}.Release|Any CPU.Build.0 = Release|Any CPU
		{BA6BDFDD-F351-441F-9192-F2DEAF57C78E}.Debug|Any CPU.ActiveCfg = Debug|Any CPU
		{BA6BDFDD-F351-441F-9192-F2DEAF57C78E}.Debug|Any CPU.Build.0 = Debug|Any CPU
		{BA6BDFDD-F351-441F-9192-F2DEAF57C78E}.Release|Any CPU.ActiveCfg = Release|Any CPU
		{BA6BDFDD-F351-441F-9192-F2DEAF57C78E}.Release|Any CPU.Build.0 = Release|Any CPU
	EndGlobalSection
	GlobalSection(SolutionProperties) = preSolution
		HideSolutionNode = FALSE
	EndGlobalSection
	GlobalSection(NestedProjects) = preSolution
		{34018FCE-67F2-4CE5-84BF-386DCDA98B45} = {B3B76E1F-F478-4F34-96FA-4DB9CC3A4AE7}
		{C26EE3BD-DED3-4934-9803-28E97AD80848} = {B3B76E1F-F478-4F34-96FA-4DB9CC3A4AE7}
		{D95A1FC3-5F25-4E25-8059-99E18D8DB163} = {B4E7D0D8-3786-4C47-AA2A-A1EA1B90BAE2}
		{4BB3596E-F971-4BB1-BB6C-D288F6F6A7E2} = {87B92B02-6902-49BB-9E1C-A01FC20DEBF5}
	EndGlobalSection
	GlobalSection(ExtensibilityGlobals) = postSolution
		SolutionGuid = {E4053DBA-0065-43B2-9F79-C1B11A7648CE}
	EndGlobalSection
EndGlobal
